// !$*UTF8*$!
{
	archiveVersion = 1;
	classes = {
	};
	objectVersion = 56;
	objects = {

/* Begin PBXBuildFile section */
		1A3A75992AEAF82800396EB7 /* Top_MusicsApp.swift in Sources */ = {isa = PBXBuildFile; fileRef = 1A3A75982AEAF82800396EB7 /* Top_MusicsApp.swift */; };
		1A3A759D2AEAF82A00396EB7 /* Assets.xcassets in Resources */ = {isa = PBXBuildFile; fileRef = 1A3A759C2AEAF82A00396EB7 /* Assets.xcassets */; };
		1A3A75A02AEAF82A00396EB7 /* Preview Assets.xcassets in Resources */ = {isa = PBXBuildFile; fileRef = 1A3A759F2AEAF82A00396EB7 /* Preview Assets.xcassets */; };
		1A3A75A82AEAFB5A00396EB7 /* InitView.swift in Sources */ = {isa = PBXBuildFile; fileRef = 1A3A75A72AEAFB5A00396EB7 /* InitView.swift */; };
		1A3A75AB2AEAFC8700396EB7 /* Icons.swift in Sources */ = {isa = PBXBuildFile; fileRef = 1A3A75AA2AEAFC8700396EB7 /* Icons.swift */; };
		1A3A75AF2AEB00C700396EB7 /* ListTopMusicView.swift in Sources */ = {isa = PBXBuildFile; fileRef = 1A3A75AE2AEB00C700396EB7 /* ListTopMusicView.swift */; };
		1A3A75B92AEB034800396EB7 /* Music.swift in Sources */ = {isa = PBXBuildFile; fileRef = 1A3A75B82AEB034800396EB7 /* Music.swift */; };
		1A3A75BB2AEB075500396EB7 /* ListFavTopMusicView.swift in Sources */ = {isa = PBXBuildFile; fileRef = 1A3A75BA2AEB075500396EB7 /* ListFavTopMusicView.swift */; };
		1A3A75BD2AEB095200396EB7 /* PersistenceViewModel.swift in Sources */ = {isa = PBXBuildFile; fileRef = 1A3A75BC2AEB095200396EB7 /* PersistenceViewModel.swift */; };
		1A3A75C52AEB111A00396EB7 /* TopMusicViewModel.swift in Sources */ = {isa = PBXBuildFile; fileRef = 1A3A75C42AEB111A00396EB7 /* TopMusicViewModel.swift */; };
		1A5A27912AEC460000807DE5 /* Buttons.swift in Sources */ = {isa = PBXBuildFile; fileRef = 1A5A27902AEC460000807DE5 /* Buttons.swift */; };
		1AEDDDC12AEB3F67006CB8DB /* SpotifyAPIResponse.swift in Sources */ = {isa = PBXBuildFile; fileRef = 1AEDDDC02AEB3F67006CB8DB /* SpotifyAPIResponse.swift */; };
		1AEDDDC32AEB416A006CB8DB /* SpotifyAuth.swift in Sources */ = {isa = PBXBuildFile; fileRef = 1AEDDDC22AEB416A006CB8DB /* SpotifyAuth.swift */; };
		1AEDDDC52AEB41D0006CB8DB /* GetTopTracks.swift in Sources */ = {isa = PBXBuildFile; fileRef = 1AEDDDC42AEB41D0006CB8DB /* GetTopTracks.swift */; };
		1AEDDDC72AEB5453006CB8DB /* DetailTopMusicView.swift in Sources */ = {isa = PBXBuildFile; fileRef = 1AEDDDC62AEB5453006CB8DB /* DetailTopMusicView.swift */; };
/* End PBXBuildFile section */

/* Begin PBXFileReference section */
		1A3A75952AEAF82800396EB7 /* Top Musics.app */ = {isa = PBXFileReference; explicitFileType = wrapper.application; includeInIndex = 0; path = "Top Musics.app"; sourceTree = BUILT_PRODUCTS_DIR; };
		1A3A75982AEAF82800396EB7 /* Top_MusicsApp.swift */ = {isa = PBXFileReference; lastKnownFileType = sourcecode.swift; path = Top_MusicsApp.swift; sourceTree = "<group>"; };
		1A3A759C2AEAF82A00396EB7 /* Assets.xcassets */ = {isa = PBXFileReference; lastKnownFileType = folder.assetcatalog; path = Assets.xcassets; sourceTree = "<group>"; };
		1A3A759F2AEAF82A00396EB7 /* Preview Assets.xcassets */ = {isa = PBXFileReference; lastKnownFileType = folder.assetcatalog; path = "Preview Assets.xcassets"; sourceTree = "<group>"; };
		1A3A75A72AEAFB5A00396EB7 /* InitView.swift */ = {isa = PBXFileReference; lastKnownFileType = sourcecode.swift; path = InitView.swift; sourceTree = "<group>"; };
		1A3A75AA2AEAFC8700396EB7 /* Icons.swift */ = {isa = PBXFileReference; lastKnownFileType = sourcecode.swift; path = Icons.swift; sourceTree = "<group>"; };
		1A3A75AE2AEB00C700396EB7 /* ListTopMusicView.swift */ = {isa = PBXFileReference; lastKnownFileType = sourcecode.swift; path = ListTopMusicView.swift; sourceTree = "<group>"; };
		1A3A75B82AEB034800396EB7 /* Music.swift */ = {isa = PBXFileReference; lastKnownFileType = sourcecode.swift; path = Music.swift; sourceTree = "<group>"; };
		1A3A75BA2AEB075500396EB7 /* ListFavTopMusicView.swift */ = {isa = PBXFileReference; lastKnownFileType = sourcecode.swift; path = ListFavTopMusicView.swift; sourceTree = "<group>"; };
		1A3A75BC2AEB095200396EB7 /* PersistenceViewModel.swift */ = {isa = PBXFileReference; lastKnownFileType = sourcecode.swift; path = PersistenceViewModel.swift; sourceTree = "<group>"; };
		1A3A75C42AEB111A00396EB7 /* TopMusicViewModel.swift */ = {isa = PBXFileReference; lastKnownFileType = sourcecode.swift; path = TopMusicViewModel.swift; sourceTree = "<group>"; };
		1A5A27902AEC460000807DE5 /* Buttons.swift */ = {isa = PBXFileReference; lastKnownFileType = sourcecode.swift; path = Buttons.swift; sourceTree = "<group>"; };
		1AEDDDC02AEB3F67006CB8DB /* SpotifyAPIResponse.swift */ = {isa = PBXFileReference; lastKnownFileType = sourcecode.swift; path = SpotifyAPIResponse.swift; sourceTree = "<group>"; };
		1AEDDDC22AEB416A006CB8DB /* SpotifyAuth.swift */ = {isa = PBXFileReference; lastKnownFileType = sourcecode.swift; path = SpotifyAuth.swift; sourceTree = "<group>"; };
		1AEDDDC42AEB41D0006CB8DB /* GetTopTracks.swift */ = {isa = PBXFileReference; lastKnownFileType = sourcecode.swift; path = GetTopTracks.swift; sourceTree = "<group>"; };
		1AEDDDC62AEB5453006CB8DB /* DetailTopMusicView.swift */ = {isa = PBXFileReference; lastKnownFileType = sourcecode.swift; path = DetailTopMusicView.swift; sourceTree = "<group>"; };
/* End PBXFileReference section */

/* Begin PBXFrameworksBuildPhase section */
		1A3A75922AEAF82800396EB7 /* Frameworks */ = {
			isa = PBXFrameworksBuildPhase;
			buildActionMask = 2147483647;
			files = (
			);
			runOnlyForDeploymentPostprocessing = 0;
		};
/* End PBXFrameworksBuildPhase section */

/* Begin PBXGroup section */
		1A3A758C2AEAF82800396EB7 = {
			isa = PBXGroup;
			children = (
				1A3A75972AEAF82800396EB7 /* Top Musics */,
				1A3A75962AEAF82800396EB7 /* Products */,
			);
			sourceTree = "<group>";
		};
		1A3A75962AEAF82800396EB7 /* Products */ = {
			isa = PBXGroup;
			children = (
				1A3A75952AEAF82800396EB7 /* Top Musics.app */,
			);
			name = Products;
			sourceTree = "<group>";
		};
		1A3A75972AEAF82800396EB7 /* Top Musics */ = {
			isa = PBXGroup;
			children = (
				1A3A75A92AEAFC7A00396EB7 /* Utils */,
				1A3A75B02AEB00E400396EB7 /* Model */,
				1A3A75B52AEB01E700396EB7 /* ModelView */,
				1A3A75A62AEAF97700396EB7 /* View */,
				1A3A75982AEAF82800396EB7 /* Top_MusicsApp.swift */,
				1A3A759C2AEAF82A00396EB7 /* Assets.xcassets */,
				1A3A759E2AEAF82A00396EB7 /* Preview Content */,
			);
			path = "Top Musics";
			sourceTree = "<group>";
		};
		1A3A759E2AEAF82A00396EB7 /* Preview Content */ = {
			isa = PBXGroup;
			children = (
				1A3A759F2AEAF82A00396EB7 /* Preview Assets.xcassets */,
			);
			path = "Preview Content";
			sourceTree = "<group>";
		};
		1A3A75A62AEAF97700396EB7 /* View */ = {
			isa = PBXGroup;
			children = (
				1AEDDDC62AEB5453006CB8DB /* DetailTopMusicView.swift */,
				1A3A75BA2AEB075500396EB7 /* ListFavTopMusicView.swift */,
				1A3A75AE2AEB00C700396EB7 /* ListTopMusicView.swift */,
				1A3A75A72AEAFB5A00396EB7 /* InitView.swift */,
			);
			path = View;
			sourceTree = "<group>";
		};
		1A3A75A92AEAFC7A00396EB7 /* Utils */ = {
			isa = PBXGroup;
			children = (
				1A3A75AA2AEAFC8700396EB7 /* Icons.swift */,
				1A5A27902AEC460000807DE5 /* Buttons.swift */,
			);
			path = Utils;
			sourceTree = "<group>";
		};
		1A3A75B02AEB00E400396EB7 /* Model */ = {
			isa = PBXGroup;
			children = (
				1AEDDDC02AEB3F67006CB8DB /* SpotifyAPIResponse.swift */,
				1A3A75B82AEB034800396EB7 /* Music.swift */,
			);
			path = Model;
			sourceTree = "<group>";
		};
		1A3A75B52AEB01E700396EB7 /* ModelView */ = {
			isa = PBXGroup;
			children = (
				1A3A75D12AEB210A00396EB7 /* Spotify */,
				1A3A75BC2AEB095200396EB7 /* PersistenceViewModel.swift */,
				1A3A75C42AEB111A00396EB7 /* TopMusicViewModel.swift */,
			);
			path = ModelView;
			sourceTree = "<group>";
		};
		1A3A75D12AEB210A00396EB7 /* Spotify */ = {
			isa = PBXGroup;
			children = (
				1AEDDDC42AEB41D0006CB8DB /* GetTopTracks.swift */,
				1AEDDDC22AEB416A006CB8DB /* SpotifyAuth.swift */,
			);
			path = Spotify;
			sourceTree = "<group>";
		};
/* End PBXGroup section */

/* Begin PBXNativeTarget section */
		1A3A75942AEAF82800396EB7 /* Top Musics */ = {
			isa = PBXNativeTarget;
			buildConfigurationList = 1A3A75A32AEAF82A00396EB7 /* Build configuration list for PBXNativeTarget "Top Musics" */;
			buildPhases = (
				1A3A75912AEAF82800396EB7 /* Sources */,
				1A3A75922AEAF82800396EB7 /* Frameworks */,
				1A3A75932AEAF82800396EB7 /* Resources */,
			);
			buildRules = (
			);
			dependencies = (
			);
			name = "Top Musics";
			productName = "Top Musics";
			productReference = 1A3A75952AEAF82800396EB7 /* Top Musics.app */;
			productType = "com.apple.product-type.application";
		};
/* End PBXNativeTarget section */

/* Begin PBXProject section */
		1A3A758D2AEAF82800396EB7 /* Project object */ = {
			isa = PBXProject;
			attributes = {
				BuildIndependentTargetsInParallel = 1;
				LastSwiftUpdateCheck = 1500;
				LastUpgradeCheck = 1500;
				TargetAttributes = {
					1A3A75942AEAF82800396EB7 = {
						CreatedOnToolsVersion = 15.0.1;
					};
				};
			};
			buildConfigurationList = 1A3A75902AEAF82800396EB7 /* Build configuration list for PBXProject "Top Musics" */;
			compatibilityVersion = "Xcode 14.0";
			developmentRegion = en;
			hasScannedForEncodings = 0;
			knownRegions = (
				en,
				Base,
			);
			mainGroup = 1A3A758C2AEAF82800396EB7;
			productRefGroup = 1A3A75962AEAF82800396EB7 /* Products */;
			projectDirPath = "";
			projectRoot = "";
			targets = (
				1A3A75942AEAF82800396EB7 /* Top Musics */,
			);
		};
/* End PBXProject section */

/* Begin PBXResourcesBuildPhase section */
		1A3A75932AEAF82800396EB7 /* Resources */ = {
			isa = PBXResourcesBuildPhase;
			buildActionMask = 2147483647;
			files = (
				1A3A75A02AEAF82A00396EB7 /* Preview Assets.xcassets in Resources */,
				1A3A759D2AEAF82A00396EB7 /* Assets.xcassets in Resources */,
			);
			runOnlyForDeploymentPostprocessing = 0;
		};
/* End PBXResourcesBuildPhase section */

/* Begin PBXSourcesBuildPhase section */
		1A3A75912AEAF82800396EB7 /* Sources */ = {
			isa = PBXSourcesBuildPhase;
			buildActionMask = 2147483647;
			files = (
				1AEDDDC52AEB41D0006CB8DB /* GetTopTracks.swift in Sources */,
				1A3A75BB2AEB075500396EB7 /* ListFavTopMusicView.swift in Sources */,
				1AEDDDC72AEB5453006CB8DB /* DetailTopMusicView.swift in Sources */,
				1A3A75BD2AEB095200396EB7 /* PersistenceViewModel.swift in Sources */,
				1A3A75AF2AEB00C700396EB7 /* ListTopMusicView.swift in Sources */,
				1A3A75A82AEAFB5A00396EB7 /* InitView.swift in Sources */,
				1A5A27912AEC460000807DE5 /* Buttons.swift in Sources */,
				1A3A75C52AEB111A00396EB7 /* TopMusicViewModel.swift in Sources */,
				1AEDDDC32AEB416A006CB8DB /* SpotifyAuth.swift in Sources */,
				1AEDDDC12AEB3F67006CB8DB /* SpotifyAPIResponse.swift in Sources */,
				1A3A75AB2AEAFC8700396EB7 /* Icons.swift in Sources */,
				1A3A75992AEAF82800396EB7 /* Top_MusicsApp.swift in Sources */,
				1A3A75B92AEB034800396EB7 /* Music.swift in Sources */,
			);
			runOnlyForDeploymentPostprocessing = 0;
		};
/* End PBXSourcesBuildPhase section */

/* Begin XCBuildConfiguration section */
		1A3A75A12AEAF82A00396EB7 /* Debug */ = {
			isa = XCBuildConfiguration;
			buildSettings = {
				ALWAYS_SEARCH_USER_PATHS = NO;
				ASSETCATALOG_COMPILER_GENERATE_SWIFT_ASSET_SYMBOL_EXTENSIONS = YES;
				CLANG_ANALYZER_NONNULL = YES;
				CLANG_ANALYZER_NUMBER_OBJECT_CONVERSION = YES_AGGRESSIVE;
				CLANG_CXX_LANGUAGE_STANDARD = "gnu++20";
				CLANG_ENABLE_MODULES = YES;
				CLANG_ENABLE_OBJC_ARC = YES;
				CLANG_ENABLE_OBJC_WEAK = YES;
				CLANG_WARN_BLOCK_CAPTURE_AUTORELEASING = YES;
				CLANG_WARN_BOOL_CONVERSION = YES;
				CLANG_WARN_COMMA = YES;
				CLANG_WARN_CONSTANT_CONVERSION = YES;
				CLANG_WARN_DEPRECATED_OBJC_IMPLEMENTATIONS = YES;
				CLANG_WARN_DIRECT_OBJC_ISA_USAGE = YES_ERROR;
				CLANG_WARN_DOCUMENTATION_COMMENTS = YES;
				CLANG_WARN_EMPTY_BODY = YES;
				CLANG_WARN_ENUM_CONVERSION = YES;
				CLANG_WARN_INFINITE_RECURSION = YES;
				CLANG_WARN_INT_CONVERSION = YES;
				CLANG_WARN_NON_LITERAL_NULL_CONVERSION = YES;
				CLANG_WARN_OBJC_IMPLICIT_RETAIN_SELF = YES;
				CLANG_WARN_OBJC_LITERAL_CONVERSION = YES;
				CLANG_WARN_OBJC_ROOT_CLASS = YES_ERROR;
				CLANG_WARN_QUOTED_INCLUDE_IN_FRAMEWORK_HEADER = YES;
				CLANG_WARN_RANGE_LOOP_ANALYSIS = YES;
				CLANG_WARN_STRICT_PROTOTYPES = YES;
				CLANG_WARN_SUSPICIOUS_MOVE = YES;
				CLANG_WARN_UNGUARDED_AVAILABILITY = YES_AGGRESSIVE;
				CLANG_WARN_UNREACHABLE_CODE = YES;
				CLANG_WARN__DUPLICATE_METHOD_MATCH = YES;
				COPY_PHASE_STRIP = NO;
				DEBUG_INFORMATION_FORMAT = dwarf;
				ENABLE_STRICT_OBJC_MSGSEND = YES;
				ENABLE_TESTABILITY = YES;
				ENABLE_USER_SCRIPT_SANDBOXING = YES;
				GCC_C_LANGUAGE_STANDARD = gnu17;
				GCC_DYNAMIC_NO_PIC = NO;
				GCC_NO_COMMON_BLOCKS = YES;
				GCC_OPTIMIZATION_LEVEL = 0;
				GCC_PREPROCESSOR_DEFINITIONS = (
					"DEBUG=1",
					"$(inherited)",
				);
				GCC_WARN_64_TO_32_BIT_CONVERSION = YES;
				GCC_WARN_ABOUT_RETURN_TYPE = YES_ERROR;
				GCC_WARN_UNDECLARED_SELECTOR = YES;
				GCC_WARN_UNINITIALIZED_AUTOS = YES_AGGRESSIVE;
				GCC_WARN_UNUSED_FUNCTION = YES;
				GCC_WARN_UNUSED_VARIABLE = YES;
				IPHONEOS_DEPLOYMENT_TARGET = 14.0;
				LOCALIZATION_PREFERS_STRING_CATALOGS = YES;
				MTL_ENABLE_DEBUG_INFO = INCLUDE_SOURCE;
				MTL_FAST_MATH = YES;
				ONLY_ACTIVE_ARCH = YES;
				SDKROOT = iphoneos;
				SWIFT_ACTIVE_COMPILATION_CONDITIONS = "DEBUG $(inherited)";
				SWIFT_OPTIMIZATION_LEVEL = "-Onone";
			};
			name = Debug;
		};
		1A3A75A22AEAF82A00396EB7 /* Release */ = {
			isa = XCBuildConfiguration;
			buildSettings = {
				ALWAYS_SEARCH_USER_PATHS = NO;
				ASSETCATALOG_COMPILER_GENERATE_SWIFT_ASSET_SYMBOL_EXTENSIONS = YES;
				CLANG_ANALYZER_NONNULL = YES;
				CLANG_ANALYZER_NUMBER_OBJECT_CONVERSION = YES_AGGRESSIVE;
				CLANG_CXX_LANGUAGE_STANDARD = "gnu++20";
				CLANG_ENABLE_MODULES = YES;
				CLANG_ENABLE_OBJC_ARC = YES;
				CLANG_ENABLE_OBJC_WEAK = YES;
				CLANG_WARN_BLOCK_CAPTURE_AUTORELEASING = YES;
				CLANG_WARN_BOOL_CONVERSION = YES;
				CLANG_WARN_COMMA = YES;
				CLANG_WARN_CONSTANT_CONVERSION = YES;
				CLANG_WARN_DEPRECATED_OBJC_IMPLEMENTATIONS = YES;
				CLANG_WARN_DIRECT_OBJC_ISA_USAGE = YES_ERROR;
				CLANG_WARN_DOCUMENTATION_COMMENTS = YES;
				CLANG_WARN_EMPTY_BODY = YES;
				CLANG_WARN_ENUM_CONVERSION = YES;
				CLANG_WARN_INFINITE_RECURSION = YES;
				CLANG_WARN_INT_CONVERSION = YES;
				CLANG_WARN_NON_LITERAL_NULL_CONVERSION = YES;
				CLANG_WARN_OBJC_IMPLICIT_RETAIN_SELF = YES;
				CLANG_WARN_OBJC_LITERAL_CONVERSION = YES;
				CLANG_WARN_OBJC_ROOT_CLASS = YES_ERROR;
				CLANG_WARN_QUOTED_INCLUDE_IN_FRAMEWORK_HEADER = YES;
				CLANG_WARN_RANGE_LOOP_ANALYSIS = YES;
				CLANG_WARN_STRICT_PROTOTYPES = YES;
				CLANG_WARN_SUSPICIOUS_MOVE = YES;
				CLANG_WARN_UNGUARDED_AVAILABILITY = YES_AGGRESSIVE;
				CLANG_WARN_UNREACHABLE_CODE = YES;
				CLANG_WARN__DUPLICATE_METHOD_MATCH = YES;
				COPY_PHASE_STRIP = NO;
				DEBUG_INFORMATION_FORMAT = "dwarf-with-dsym";
				ENABLE_NS_ASSERTIONS = NO;
				ENABLE_STRICT_OBJC_MSGSEND = YES;
				ENABLE_USER_SCRIPT_SANDBOXING = YES;
				GCC_C_LANGUAGE_STANDARD = gnu17;
				GCC_NO_COMMON_BLOCKS = YES;
				GCC_WARN_64_TO_32_BIT_CONVERSION = YES;
				GCC_WARN_ABOUT_RETURN_TYPE = YES_ERROR;
				GCC_WARN_UNDECLARED_SELECTOR = YES;
				GCC_WARN_UNINITIALIZED_AUTOS = YES_AGGRESSIVE;
				GCC_WARN_UNUSED_FUNCTION = YES;
				GCC_WARN_UNUSED_VARIABLE = YES;
				IPHONEOS_DEPLOYMENT_TARGET = 14.0;
				LOCALIZATION_PREFERS_STRING_CATALOGS = YES;
				MTL_ENABLE_DEBUG_INFO = NO;
				MTL_FAST_MATH = YES;
				SDKROOT = iphoneos;
				SWIFT_COMPILATION_MODE = wholemodule;
				VALIDATE_PRODUCT = YES;
			};
			name = Release;
		};
		1A3A75A42AEAF82A00396EB7 /* Debug */ = {
			isa = XCBuildConfiguration;
			buildSettings = {
				ASSETCATALOG_COMPILER_APPICON_NAME = AppIcon;
				ASSETCATALOG_COMPILER_GLOBAL_ACCENT_COLOR_NAME = AccentColor;
				CODE_SIGN_STYLE = Automatic;
				CURRENT_PROJECT_VERSION = 1;
				DEVELOPMENT_ASSET_PATHS = "\"Top Musics/Preview Content\"";
				DEVELOPMENT_TEAM = H7MMXQ3XR8;
				ENABLE_PREVIEWS = YES;
				GENERATE_INFOPLIST_FILE = YES;
				INFOPLIST_KEY_UIApplicationSceneManifest_Generation = YES;
				INFOPLIST_KEY_UIApplicationSupportsIndirectInputEvents = YES;
				INFOPLIST_KEY_UILaunchScreen_Generation = YES;
				INFOPLIST_KEY_UISupportedInterfaceOrientations_iPad = "UIInterfaceOrientationPortrait UIInterfaceOrientationPortraitUpsideDown UIInterfaceOrientationLandscapeLeft UIInterfaceOrientationLandscapeRight";
				INFOPLIST_KEY_UISupportedInterfaceOrientations_iPhone = "UIInterfaceOrientationPortrait UIInterfaceOrientationLandscapeLeft UIInterfaceOrientationLandscapeRight";
				IPHONEOS_DEPLOYMENT_TARGET = 16.0;
				LD_RUNPATH_SEARCH_PATHS = (
					"$(inherited)",
					"@executable_path/Frameworks",
				);
				MARKETING_VERSION = 1.0;
				PRODUCT_BUNDLE_IDENTIFIER = "lucasFelip.Top-Musics";
				PRODUCT_NAME = "$(TARGET_NAME)";
				SUPPORTED_PLATFORMS = "iphoneos iphonesimulator";
				SUPPORTS_MACCATALYST = NO;
				SUPPORTS_MAC_DESIGNED_FOR_IPHONE_IPAD = NO;
				SWIFT_EMIT_LOC_STRINGS = YES;
				SWIFT_VERSION = 5.0;
				TARGETED_DEVICE_FAMILY = "1,2";
			};
			name = Debug;
		};
		1A3A75A52AEAF82A00396EB7 /* Release */ = {
			isa = XCBuildConfiguration;
			buildSettings = {
				ASSETCATALOG_COMPILER_APPICON_NAME = AppIcon;
				ASSETCATALOG_COMPILER_GLOBAL_ACCENT_COLOR_NAME = AccentColor;
				CODE_SIGN_STYLE = Automatic;
				CURRENT_PROJECT_VERSION = 1;
				DEVELOPMENT_ASSET_PATHS = "\"Top Musics/Preview Content\"";
				DEVELOPMENT_TEAM = H7MMXQ3XR8;
				ENABLE_PREVIEWS = YES;
				GENERATE_INFOPLIST_FILE = YES;
				INFOPLIST_KEY_UIApplicationSceneManifest_Generation = YES;
				INFOPLIST_KEY_UIApplicationSupportsIndirectInputEvents = YES;
				INFOPLIST_KEY_UILaunchScreen_Generation = YES;
				INFOPLIST_KEY_UISupportedInterfaceOrientations_iPad = "UIInterfaceOrientationPortrait UIInterfaceOrientationPortraitUpsideDown UIInterfaceOrientationLandscapeLeft UIInterfaceOrientationLandscapeRight";
				INFOPLIST_KEY_UISupportedInterfaceOrientations_iPhone = "UIInterfaceOrientationPortrait UIInterfaceOrientationLandscapeLeft UIInterfaceOrientationLandscapeRight";
				IPHONEOS_DEPLOYMENT_TARGET = 16.0;
				LD_RUNPATH_SEARCH_PATHS = (
					"$(inherited)",
					"@executable_path/Frameworks",
				);
				MARKETING_VERSION = 1.0;
				PRODUCT_BUNDLE_IDENTIFIER = "lucasFelip.Top-Musics";
				PRODUCT_NAME = "$(TARGET_NAME)";
				SUPPORTED_PLATFORMS = "iphoneos iphonesimulator";
				SUPPORTS_MACCATALYST = NO;
				SUPPORTS_MAC_DESIGNED_FOR_IPHONE_IPAD = NO;
				SWIFT_EMIT_LOC_STRINGS = YES;
				SWIFT_VERSION = 5.0;
				TARGETED_DEVICE_FAMILY = "1,2";
			};
			name = Release;
		};
/* End XCBuildConfiguration section */

/* Begin XCConfigurationList section */
		1A3A75902AEAF82800396EB7 /* Build configuration list for PBXProject "Top Musics" */ = {
			isa = XCConfigurationList;
			buildConfigurations = (
				1A3A75A12AEAF82A00396EB7 /* Debug */,
				1A3A75A22AEAF82A00396EB7 /* Release */,
			);
			defaultConfigurationIsVisible = 0;
			defaultConfigurationName = Release;
		};
		1A3A75A32AEAF82A00396EB7 /* Build configuration list for PBXNativeTarget "Top Musics" */ = {
			isa = XCConfigurationList;
			buildConfigurations = (
				1A3A75A42AEAF82A00396EB7 /* Debug */,
				1A3A75A52AEAF82A00396EB7 /* Release */,
			);
			defaultConfigurationIsVisible = 0;
			defaultConfigurationName = Release;
		};
/* End XCConfigurationList section */
	};
	rootObject = 1A3A758D2AEAF82800396EB7 /* Project object */;
}
